<Solution>
  <Project Path="EventManager.Application/EventManager.Application.csproj" Id="8271a59a-088f-446c-a717-eacfe446e27c" />
  <Project Path="EventManager.Domain/EventManager.Domain.csproj" Id="758dc093-eb7c-4e85-9511-8c75c548008a" />
  <Project Path="EventManager.Infrastructure/EventManager.Infrastructure.csproj" Id="a7362b8f-4837-4f73-846d-1a8949959598" />
  <Project Path="EventManager.IntegrationTests/EventManager.IntegrationTests.csproj" />
  <Project Path="EventManager.Tests/EventManager.Tests.csproj" Id="1e83702f-ae36-44cf-8fc4-598c989e6ede" />
  <Project Path="EventManager/EventManager.csproj" />
</Solution>
